
Microsoft Visual Studio Solution File, Format Version 12.00
# Visual Studio Version 16
VisualStudioVersion = 16.0.32413.511
MinimumVisualStudioVersion = 10.0.40219.1
Project("{FAE04EC0-301F-11D3-BF4B-00C04F79EFBC}") = "CapstoneTechnicalHomework4", "CapstoneTechnicalHomework4\CapstoneTechnicalHomework4.csproj", "{037EDD8D-6024-4D65-B926-1CCB8BC1A7B2}"
EndProject
Global
	GlobalSection(SolutionConfigurationPlatforms) = preSolution
		Debug|Any CPU = Debug|Any CPU
		Release|Any CPU = Release|Any CPU
	EndGlobalSection
	GlobalSection(ProjectConfigurationPlatforms) = postSolution
		{037EDD8D-6024-4D65-B926-1CCB8BC1A7B2}.Debug|Any CPU.ActiveCfg = Debug|Any CPU
		{037EDD8D-6024-4D65-B926-1CCB8BC1A7B2}.Debug|Any CPU.Build.0 = Debug|Any CPU
		{037EDD8D-6024-4D65-B926-1CCB8BC1A7B2}.Release|Any CPU.ActiveCfg = Release|Any CPU
		{037EDD8D-6024-4D65-B926-1CCB8BC1A7B2}.Release|Any CPU.Build.0 = Release|Any CPU
	EndGlobalSection
	GlobalSection(SolutionProperties) = preSolution
		HideSolutionNode = FALSE
	EndGlobalSection
	GlobalSection(ExtensibilityGlobals) = postSolution
		SolutionGuid = {BBE9C6C9-D939-4E15-B7F6-0891917ABEC7}
	EndGlobalSection
EndGlobal
